
Microsoft Visual Studio Solution File, Format Version 12.00
# Visual Studio Version 16
VisualStudioVersion = 16.0.29613.14
MinimumVisualStudioVersion = 10.0.40219.1
Project("{9A19103F-16F7-4668-BE54-9A1E7A4F7556}") = "LibramePlayer", "src\LibramePlayer\LibramePlayer.csproj", "{29DBCA7F-0D2A-4B18-B515-F38342DFC617}"
EndProject
Project("{FAE04EC0-301F-11D3-BF4B-00C04F79EFBC}") = "LibramePlayer.WpfApp", "src\LibramePlayer.WpfApp\LibramePlayer.WpfApp.csproj", "{1FC1833E-0972-4ACB-93A0-37FC6C92144F}"
EndProject
Global
	GlobalSection(SolutionConfigurationPlatforms) = preSolution
		Debug|Any CPU = Debug|Any CPU
		Release|Any CPU = Release|Any CPU
	EndGlobalSection
	GlobalSection(ProjectConfigurationPlatforms) = postSolution
		{29DBCA7F-0D2A-4B18-B515-F38342DFC617}.Debug|Any CPU.ActiveCfg = Debug|Any CPU
		{29DBCA7F-0D2A-4B18-B515-F38342DFC617}.Debug|Any CPU.Build.0 = Debug|Any CPU
		{29DBCA7F-0D2A-4B18-B515-F38342DFC617}.Release|Any CPU.ActiveCfg = Release|Any CPU
		{29DBCA7F-0D2A-4B18-B515-F38342DFC617}.Release|Any CPU.Build.0 = Release|Any CPU
		{1FC1833E-0972-4ACB-93A0-37FC6C92144F}.Debug|Any CPU.ActiveCfg = Debug|Any CPU
		{1FC1833E-0972-4ACB-93A0-37FC6C92144F}.Debug|Any CPU.Build.0 = Debug|Any CPU
		{1FC1833E-0972-4ACB-93A0-37FC6C92144F}.Release|Any CPU.ActiveCfg = Release|Any CPU
		{1FC1833E-0972-4ACB-93A0-37FC6C92144F}.Release|Any CPU.Build.0 = Release|Any CPU
	EndGlobalSection
	GlobalSection(SolutionProperties) = preSolution
		HideSolutionNode = FALSE
	EndGlobalSection
	GlobalSection(ExtensibilityGlobals) = postSolution
		SolutionGuid = {1A65000A-9BB2-4F7B-B566-96A93154E855}
	EndGlobalSection
EndGlobal
